
Microsoft Visual Studio Solution File, Format Version 12.00
# Visual Studio Express 15 for Windows Desktop
VisualStudioVersion = 15.0.34112.143
MinimumVisualStudioVersion = 10.0.40219.1
Project("{FAE04EC0-301F-11D3-BF4B-00C04F79EFBC}") = "SocketReceiverBase", "SocketReceiverBase\SocketReceiverBase.csproj", "{03B84C65-8403-4097-845C-4035214B58E7}"
EndProject
Global
	GlobalSection(SolutionConfigurationPlatforms) = preSolution
		Debug|Any CPU = Debug|Any CPU
		Release|Any CPU = Release|Any CPU
	EndGlobalSection
	GlobalSection(ProjectConfigurationPlatforms) = postSolution
		{03B84C65-8403-4097-845C-4035214B58E7}.Debug|Any CPU.ActiveCfg = Debug|Any CPU
		{03B84C65-8403-4097-845C-4035214B58E7}.Debug|Any CPU.Build.0 = Debug|Any CPU
		{03B84C65-8403-4097-845C-4035214B58E7}.Release|Any CPU.ActiveCfg = Release|Any CPU
		{03B84C65-8403-4097-845C-4035214B58E7}.Release|Any CPU.Build.0 = Release|Any CPU
	EndGlobalSection
	GlobalSection(SolutionProperties) = preSolution
		HideSolutionNode = FALSE
	EndGlobalSection
	GlobalSection(ExtensibilityGlobals) = postSolution
		SolutionGuid = {1281D149-324E-4653-8BBC-4A81258B4778}
	EndGlobalSection
EndGlobal
